
Microsoft Visual Studio Solution File, Format Version 12.00
# Visual Studio 15
VisualStudioVersion = 15.0.26228.4
MinimumVisualStudioVersion = 10.0.40219.1
Project("{FAE04EC0-301F-11D3-BF4B-00C04F79EFBC}") = "RecipeManager.WebApp", "RecipeManager.WebApp\RecipeManager.WebApp.csproj", "{7AB9849A-5797-4C42-A4E9-20A161D4281F}"
EndProject
Project("{FAE04EC0-301F-11D3-BF4B-00C04F79EFBC}") = "RecipeManager.Cli", "RecipeManager.Cli\RecipeManager.Cli.csproj", "{5ECC6FF0-8B90-4314-8314-5488C01572A4}"
EndProject
Global
	GlobalSection(SolutionConfigurationPlatforms) = preSolution
		Debug|Any CPU = Debug|Any CPU
		Release|Any CPU = Release|Any CPU
	EndGlobalSection
	GlobalSection(ProjectConfigurationPlatforms) = postSolution
		{7AB9849A-5797-4C42-A4E9-20A161D4281F}.Debug|Any CPU.ActiveCfg = Debug|Any CPU
		{7AB9849A-5797-4C42-A4E9-20A161D4281F}.Debug|Any CPU.Build.0 = Debug|Any CPU
		{7AB9849A-5797-4C42-A4E9-20A161D4281F}.Release|Any CPU.ActiveCfg = Release|Any CPU
		{7AB9849A-5797-4C42-A4E9-20A161D4281F}.Release|Any CPU.Build.0 = Release|Any CPU
		{5ECC6FF0-8B90-4314-8314-5488C01572A4}.Debug|Any CPU.ActiveCfg = Debug|Any CPU
		{5ECC6FF0-8B90-4314-8314-5488C01572A4}.Debug|Any CPU.Build.0 = Debug|Any CPU
		{5ECC6FF0-8B90-4314-8314-5488C01572A4}.Release|Any CPU.ActiveCfg = Release|Any CPU
		{5ECC6FF0-8B90-4314-8314-5488C01572A4}.Release|Any CPU.Build.0 = Release|Any CPU
	EndGlobalSection
	GlobalSection(SolutionProperties) = preSolution
		HideSolutionNode = FALSE
	EndGlobalSection
EndGlobal
