
Microsoft Visual Studio Solution File, Format Version 12.00
# Visual Studio 15
VisualStudioVersion = 15.0.26430.6
MinimumVisualStudioVersion = 10.0.40219.1
Project("{9A19103F-16F7-4668-BE54-9A1E7A4F7556}") = "BistroFiftyTwo.WebApp", "BistroFiftyTwo.WebApp\BistroFiftyTwo.WebApp.csproj", "{33A97357-AAC4-4068-98A3-75C796A0BDEE}"
EndProject
Project("{9A19103F-16F7-4668-BE54-9A1E7A4F7556}") = "BistroFiftyTwo.Server", "BistroFiftyTwo.Server\BistroFiftyTwo.Server.csproj", "{EB87C903-5C45-4A77-ACD8-FD8E8904B331}"
EndProject
Global
	GlobalSection(SolutionConfigurationPlatforms) = preSolution
		Debug|Any CPU = Debug|Any CPU
		Release|Any CPU = Release|Any CPU
	EndGlobalSection
	GlobalSection(ProjectConfigurationPlatforms) = postSolution
		{33A97357-AAC4-4068-98A3-75C796A0BDEE}.Debug|Any CPU.ActiveCfg = Debug|Any CPU
		{33A97357-AAC4-4068-98A3-75C796A0BDEE}.Debug|Any CPU.Build.0 = Debug|Any CPU
		{33A97357-AAC4-4068-98A3-75C796A0BDEE}.Release|Any CPU.ActiveCfg = Release|Any CPU
		{33A97357-AAC4-4068-98A3-75C796A0BDEE}.Release|Any CPU.Build.0 = Release|Any CPU
		{EB87C903-5C45-4A77-ACD8-FD8E8904B331}.Debug|Any CPU.ActiveCfg = Debug|Any CPU
		{EB87C903-5C45-4A77-ACD8-FD8E8904B331}.Debug|Any CPU.Build.0 = Debug|Any CPU
		{EB87C903-5C45-4A77-ACD8-FD8E8904B331}.Release|Any CPU.ActiveCfg = Release|Any CPU
		{EB87C903-5C45-4A77-ACD8-FD8E8904B331}.Release|Any CPU.Build.0 = Release|Any CPU
	EndGlobalSection
	GlobalSection(SolutionProperties) = preSolution
		HideSolutionNode = FALSE
	EndGlobalSection
EndGlobal
